{
  "version": 4,
  "terraform_version": "1.1.9",
  "serial": 4,
  "lineage": "521f6d08-1808-722a-9944-a80ca45feab7",
  "outputs": {
    "external_ip_address_node01_yandex_cloud": {
      "value": "51.250.72.157",
      "type": "string"
    },
    "internal_ip_address_node01_yandex_cloud": {
      "value": "192.168.101.12",
      "type": "string"
    }
  },
  "resources": [
    {
      "mode": "managed",
      "type": "yandex_compute_instance",
      "name": "node01",
      "provider": "provider[\"registry.terraform.io/yandex-cloud/yandex\"]",
      "instances": [
        {
          "schema_version": 1,
          "attributes": {
            "allow_recreate": null,
            "allow_stopping_for_update": true,
            "boot_disk": [
              {
                "auto_delete": true,
                "device_name": "fhmtbp0g7pavskee1e6b",
                "disk_id": "fhmtbp0g7pavskee1e6b",
                "initialize_params": [
                  {
                    "block_size": 4096,
                    "description": "",
                    "image_id": "fd8fmrhb6a0js4s2keog",
                    "name": "root-node01",
                    "size": 50,
                    "snapshot_id": "",
                    "type": "network-ssd"
                  }
                ],
                "mode": "READ_WRITE"
              }
            ],
            "created_at": "2022-04-25T18:11:09Z",
            "description": "",
            "folder_id": "b1gb32s82dickk1qj5v9",
            "fqdn": "node01.netology.cloud",
            "hostname": "node01",
            "id": "fhml9b1di08sl2mjvsg6",
            "labels": null,
            "metadata": {
              "ssh-keys": "centos:ssh-rsa AAAAB3NzaC1yc2EAAAADAQABAAABgQC80kTosJ4KiOENc/kJJ2KxYDXFTlotKfKOBL+9sJkF5hwX56WNeGzK7NQYVoEYUsP+rMy3KEI7Qqh4k7c7VnIw+x61ABl9EGINgCK4mWmUBvhpp91Cz5oafxxCPZ1o8jfkTYAW8Sg2TPX3aJXThxROl4vvW3IW7OQUbbvG9URT0GQX4z7dOzyGE5DVxoY/jPgBCrdmU3vemeFeki2nuxkrclVTzyuVmdX0Ng2+S7JLyMHMSSlUx2uMpUiZRv8eklkwk/tuyAklKYRNKkjMicG6xw+p/RUKheiZG7wUVrH6YCQbTCEZXthwB7/f9+Vlrtlanla9uGEfxZL+S53lZpnq9nI5oclV/ddUnhDFYzZjy9iuJNkY5vrmL+plijm7vTKUZJ93uFbjDGty7KlaaIWb1+ISd4mw78bjS59Uqn9UiKZwRRHwqbO40MSFa0zkCPTc9HLDECNe3zqgIAHaiqlnMzxfkHXAOHwhXftKdPooKDuaB5ToaTcXd/HLT8AAN+8= dpopov@dpopov-test\n"
            },
            "name": "node01",
            "network_acceleration_type": "standard",
            "network_interface": [
              {
                "dns_record": [],
                "index": 0,
                "ip_address": "192.168.101.12",
                "ipv4": true,
                "ipv6": false,
                "ipv6_address": "",
                "ipv6_dns_record": [],
                "mac_address": "d0:0d:15:4a:c2:d9",
                "nat": true,
                "nat_dns_record": [],
                "nat_ip_address": "51.250.72.157",
                "nat_ip_version": "IPV4",
                "security_group_ids": [],
                "subnet_id": "e9bo6go5kpkn40ho7uoq"
              }
            ],
            "placement_policy": [
              {
                "host_affinity_rules": [],
                "placement_group_id": ""
              }
            ],
            "platform_id": "standard-v1",
            "resources": [
              {
                "core_fraction": 100,
                "cores": 8,
                "gpus": 0,
                "memory": 8
              }
            ],
            "scheduling_policy": [
              {
                "preemptible": false
              }
            ],
            "secondary_disk": [],
            "service_account_id": "",
            "status": "running",
            "timeouts": null,
            "zone": "ru-central1-a"
          },
          "sensitive_attributes": [],
          "private": "eyJlMmJmYjczMC1lY2FhLTExZTYtOGY4OC0zNDM2M2JjN2M0YzAiOnsiY3JlYXRlIjozMDAwMDAwMDAwMDAsImRlbGV0ZSI6MzAwMDAwMDAwMDAwLCJ1cGRhdGUiOjMwMDAwMDAwMDAwMH0sInNjaGVtYV92ZXJzaW9uIjoiMSJ9",
          "dependencies": [
            "yandex_vpc_network.default",
            "yandex_vpc_subnet.default"
          ]
        }
      ]
    },
    {
      "mode": "managed",
      "type": "yandex_vpc_network",
      "name": "default",
      "provider": "provider[\"registry.terraform.io/yandex-cloud/yandex\"]",
      "instances": [
        {
          "schema_version": 0,
          "attributes": {
            "created_at": "2022-04-25T18:11:07Z",
            "default_security_group_id": "",
            "description": "",
            "folder_id": "b1gb32s82dickk1qj5v9",
            "id": "enp0rp48u5iulrrfgnud",
            "labels": {},
            "name": "net",
            "subnet_ids": [],
            "timeouts": null
          },
          "sensitive_attributes": [],
          "private": "eyJlMmJmYjczMC1lY2FhLTExZTYtOGY4OC0zNDM2M2JjN2M0YzAiOnsiY3JlYXRlIjo2MDAwMDAwMDAwMCwiZGVsZXRlIjo2MDAwMDAwMDAwMCwidXBkYXRlIjo2MDAwMDAwMDAwMH19"
        }
      ]
    },
    {
      "mode": "managed",
      "type": "yandex_vpc_subnet",
      "name": "default",
      "provider": "provider[\"registry.terraform.io/yandex-cloud/yandex\"]",
      "instances": [
        {
          "schema_version": 0,
          "attributes": {
            "created_at": "2022-04-25T18:11:08Z",
            "description": "",
            "dhcp_options": [],
            "folder_id": "b1gb32s82dickk1qj5v9",
            "id": "e9bo6go5kpkn40ho7uoq",
            "labels": {},
            "name": "subnet",
            "network_id": "enp0rp48u5iulrrfgnud",
            "route_table_id": "",
            "timeouts": null,
            "v4_cidr_blocks": [
              "192.168.101.0/24"
            ],
            "v6_cidr_blocks": [],
            "zone": "ru-central1-a"
          },
          "sensitive_attributes": [],
          "private": "eyJlMmJmYjczMC1lY2FhLTExZTYtOGY4OC0zNDM2M2JjN2M0YzAiOnsiY3JlYXRlIjoxODAwMDAwMDAwMDAsImRlbGV0ZSI6MTgwMDAwMDAwMDAwLCJ1cGRhdGUiOjE4MDAwMDAwMDAwMH19",
          "dependencies": [
            "yandex_vpc_network.default"
          ]
        }
      ]
    }
  ]
}
