{
  "version": 4,
  "terraform_version": "1.1.9",
  "serial": 15,
  "lineage": "68153ad6-136f-412a-5592-73838883dd6b",
  "outputs": {
    "external_ip_address_node01": {
      "value": "51.250.84.225",
      "type": "string"
    },
    "external_ip_address_node02": {
      "value": "51.250.77.224",
      "type": "string"
    },
    "external_ip_address_node03": {
      "value": "51.250.86.31",
      "type": "string"
    },
    "external_ip_address_node04": {
      "value": "51.250.86.121",
      "type": "string"
    },
    "external_ip_address_node05": {
      "value": "51.250.85.102",
      "type": "string"
    },
    "external_ip_address_node06": {
      "value": "51.250.67.3",
      "type": "string"
    },
    "internal_ip_address_node01": {
      "value": "192.168.101.11",
      "type": "string"
    },
    "internal_ip_address_node02": {
      "value": "192.168.101.12",
      "type": "string"
    },
    "internal_ip_address_node03": {
      "value": "192.168.101.13",
      "type": "string"
    },
    "internal_ip_address_node04": {
      "value": "192.168.101.14",
      "type": "string"
    },
    "internal_ip_address_node05": {
      "value": "192.168.101.15",
      "type": "string"
    },
    "internal_ip_address_node06": {
      "value": "192.168.101.16",
      "type": "string"
    }
  },
  "resources": [
    {
      "mode": "managed",
      "type": "local_file",
      "name": "inventory",
      "provider": "provider[\"registry.terraform.io/hashicorp/local\"]",
      "instances": [
        {
          "schema_version": 0,
          "attributes": {
            "content": "# Ansible inventory containing variable values from Terraform.\n# Generated by Terraform.\n\n[nodes:children]\nmanagers\nworkers\n\n[managers:children]\nactive\nstandby\n\n[active]\nnode01.netology.yc ansible_host=51.250.84.225\n\n[standby]\nnode02.netology.yc ansible_host=51.250.77.224\nnode03.netology.yc ansible_host=51.250.86.31\n\n[workers]\nnode04.netology.yc ansible_host=51.250.86.121\nnode05.netology.yc ansible_host=51.250.85.102\nnode06.netology.yc ansible_host=51.250.67.3\n",
            "content_base64": null,
            "directory_permission": "0777",
            "file_permission": "0777",
            "filename": "../ansible/inventory",
            "id": "2b4a9638437887b5d3cddfa1a0770a3a9acd758c",
            "sensitive_content": null,
            "source": null
          },
          "sensitive_attributes": [],
          "private": "bnVsbA==",
          "dependencies": [
            "yandex_compute_instance.node01",
            "yandex_compute_instance.node02",
            "yandex_compute_instance.node03",
            "yandex_compute_instance.node04",
            "yandex_compute_instance.node05",
            "yandex_compute_instance.node06",
            "yandex_vpc_network.default",
            "yandex_vpc_subnet.default"
          ]
        }
      ]
    },
    {
      "mode": "managed",
      "type": "null_resource",
      "name": "cluster",
      "provider": "provider[\"registry.terraform.io/hashicorp/null\"]",
      "instances": [
        {
          "schema_version": 0,
          "attributes": {
            "id": "5243223217587195949",
            "triggers": null
          },
          "sensitive_attributes": [],
          "private": "bnVsbA==",
          "dependencies": [
            "local_file.inventory",
            "null_resource.wait",
            "yandex_compute_instance.node01",
            "yandex_compute_instance.node02",
            "yandex_compute_instance.node03",
            "yandex_compute_instance.node04",
            "yandex_compute_instance.node05",
            "yandex_compute_instance.node06",
            "yandex_vpc_network.default",
            "yandex_vpc_subnet.default"
          ]
        }
      ]
    },
    {
      "mode": "managed",
      "type": "null_resource",
      "name": "monitoring",
      "provider": "provider[\"registry.terraform.io/hashicorp/null\"]",
      "instances": [
        {
          "schema_version": 0,
          "attributes": {
            "id": "7793831634762029479",
            "triggers": null
          },
          "sensitive_attributes": [],
          "private": "bnVsbA==",
          "dependencies": [
            "local_file.inventory",
            "null_resource.cluster",
            "null_resource.sync",
            "null_resource.wait",
            "yandex_compute_instance.node01",
            "yandex_compute_instance.node02",
            "yandex_compute_instance.node03",
            "yandex_compute_instance.node04",
            "yandex_compute_instance.node05",
            "yandex_compute_instance.node06",
            "yandex_vpc_network.default",
            "yandex_vpc_subnet.default"
          ]
        }
      ]
    },
    {
      "mode": "managed",
      "type": "null_resource",
      "name": "sync",
      "provider": "provider[\"registry.terraform.io/hashicorp/null\"]",
      "instances": [
        {
          "schema_version": 0,
          "attributes": {
            "id": "2822397276834628057",
            "triggers": null
          },
          "sensitive_attributes": [],
          "private": "bnVsbA==",
          "dependencies": [
            "local_file.inventory",
            "null_resource.cluster",
            "null_resource.wait",
            "yandex_compute_instance.node01",
            "yandex_compute_instance.node02",
            "yandex_compute_instance.node03",
            "yandex_compute_instance.node04",
            "yandex_compute_instance.node05",
            "yandex_compute_instance.node06",
            "yandex_vpc_network.default",
            "yandex_vpc_subnet.default"
          ]
        }
      ]
    },
    {
      "mode": "managed",
      "type": "null_resource",
      "name": "wait",
      "provider": "provider[\"registry.terraform.io/hashicorp/null\"]",
      "instances": [
        {
          "schema_version": 0,
          "attributes": {
            "id": "1651553246570733423",
            "triggers": null
          },
          "sensitive_attributes": [],
          "private": "bnVsbA==",
          "dependencies": [
            "local_file.inventory",
            "yandex_compute_instance.node01",
            "yandex_compute_instance.node02",
            "yandex_compute_instance.node03",
            "yandex_compute_instance.node04",
            "yandex_compute_instance.node05",
            "yandex_compute_instance.node06",
            "yandex_vpc_network.default",
            "yandex_vpc_subnet.default"
          ]
        }
      ]
    },
    {
      "mode": "managed",
      "type": "yandex_compute_instance",
      "name": "node01",
      "provider": "provider[\"registry.terraform.io/yandex-cloud/yandex\"]",
      "instances": [
        {
          "schema_version": 1,
          "attributes": {
            "allow_recreate": null,
            "allow_stopping_for_update": true,
            "boot_disk": [
              {
                "auto_delete": true,
                "device_name": "fhmgmjie1kc55obt5iga",
                "disk_id": "fhmgmjie1kc55obt5iga",
                "initialize_params": [
                  {
                    "block_size": 4096,
                    "description": "",
                    "image_id": "fd8agtaicehihsa9pht3",
                    "name": "root-node01",
                    "size": 10,
                    "snapshot_id": "",
                    "type": "network-ssd"
                  }
                ],
                "mode": "READ_WRITE"
              }
            ],
            "created_at": "2022-05-03T18:42:41Z",
            "description": "",
            "folder_id": "b1gb32s82dickk1qj5v9",
            "fqdn": "node01.netology.yc",
            "hostname": "node01",
            "id": "fhmr38pilrmpk9ehk9t3",
            "labels": null,
            "metadata": {
              "ssh-keys": "centos:ssh-rsa AAAAB3NzaC1yc2EAAAADAQABAAABgQC80kTosJ4KiOENc/kJJ2KxYDXFTlotKfKOBL+9sJkF5hwX56WNeGzK7NQYVoEYUsP+rMy3KEI7Qqh4k7c7VnIw+x61ABl9EGINgCK4mWmUBvhpp91Cz5oafxxCPZ1o8jfkTYAW8Sg2TPX3aJXThxROl4vvW3IW7OQUbbvG9URT0GQX4z7dOzyGE5DVxoY/jPgBCrdmU3vemeFeki2nuxkrclVTzyuVmdX0Ng2+S7JLyMHMSSlUx2uMpUiZRv8eklkwk/tuyAklKYRNKkjMicG6xw+p/RUKheiZG7wUVrH6YCQbTCEZXthwB7/f9+Vlrtlanla9uGEfxZL+S53lZpnq9nI5oclV/ddUnhDFYzZjy9iuJNkY5vrmL+plijm7vTKUZJ93uFbjDGty7KlaaIWb1+ISd4mw78bjS59Uqn9UiKZwRRHwqbO40MSFa0zkCPTc9HLDECNe3zqgIAHaiqlnMzxfkHXAOHwhXftKdPooKDuaB5ToaTcXd/HLT8AAN+8= dpopov@dpopov-test\n"
            },
            "name": "node01",
            "network_acceleration_type": "standard",
            "network_interface": [
              {
                "dns_record": [],
                "index": 0,
                "ip_address": "192.168.101.11",
                "ipv4": true,
                "ipv6": false,
                "ipv6_address": "",
                "ipv6_dns_record": [],
                "mac_address": "d0:0d:1b:1a:33:2a",
                "nat": true,
                "nat_dns_record": [],
                "nat_ip_address": "51.250.84.225",
                "nat_ip_version": "IPV4",
                "security_group_ids": [],
                "subnet_id": "e9b4b3p22e8657gleh1e"
              }
            ],
            "placement_policy": [
              {
                "host_affinity_rules": [],
                "placement_group_id": ""
              }
            ],
            "platform_id": "standard-v1",
            "resources": [
              {
                "core_fraction": 100,
                "cores": 4,
                "gpus": 0,
                "memory": 8
              }
            ],
            "scheduling_policy": [
              {
                "preemptible": false
              }
            ],
            "secondary_disk": [],
            "service_account_id": "",
            "status": "running",
            "timeouts": null,
            "zone": "ru-central1-a"
          },
          "sensitive_attributes": [],
          "private": "eyJlMmJmYjczMC1lY2FhLTExZTYtOGY4OC0zNDM2M2JjN2M0YzAiOnsiY3JlYXRlIjozMDAwMDAwMDAwMDAsImRlbGV0ZSI6MzAwMDAwMDAwMDAwLCJ1cGRhdGUiOjMwMDAwMDAwMDAwMH0sInNjaGVtYV92ZXJzaW9uIjoiMSJ9",
          "dependencies": [
            "yandex_vpc_network.default",
            "yandex_vpc_subnet.default"
          ]
        }
      ]
    },
    {
      "mode": "managed",
      "type": "yandex_compute_instance",
      "name": "node02",
      "provider": "provider[\"registry.terraform.io/yandex-cloud/yandex\"]",
      "instances": [
        {
          "schema_version": 1,
          "attributes": {
            "allow_recreate": null,
            "allow_stopping_for_update": true,
            "boot_disk": [
              {
                "auto_delete": true,
                "device_name": "fhmuihdgg6njbnubcb3k",
                "disk_id": "fhmuihdgg6njbnubcb3k",
                "initialize_params": [
                  {
                    "block_size": 4096,
                    "description": "",
                    "image_id": "fd8agtaicehihsa9pht3",
                    "name": "root-node02",
                    "size": 10,
                    "snapshot_id": "",
                    "type": "network-ssd"
                  }
                ],
                "mode": "READ_WRITE"
              }
            ],
            "created_at": "2022-05-03T18:42:41Z",
            "description": "",
            "folder_id": "b1gb32s82dickk1qj5v9",
            "fqdn": "node02.netology.yc",
            "hostname": "node02",
            "id": "fhmhhujbpgv0j7e28bdf",
            "labels": null,
            "metadata": {
              "ssh-keys": "centos:ssh-rsa AAAAB3NzaC1yc2EAAAADAQABAAABgQC80kTosJ4KiOENc/kJJ2KxYDXFTlotKfKOBL+9sJkF5hwX56WNeGzK7NQYVoEYUsP+rMy3KEI7Qqh4k7c7VnIw+x61ABl9EGINgCK4mWmUBvhpp91Cz5oafxxCPZ1o8jfkTYAW8Sg2TPX3aJXThxROl4vvW3IW7OQUbbvG9URT0GQX4z7dOzyGE5DVxoY/jPgBCrdmU3vemeFeki2nuxkrclVTzyuVmdX0Ng2+S7JLyMHMSSlUx2uMpUiZRv8eklkwk/tuyAklKYRNKkjMicG6xw+p/RUKheiZG7wUVrH6YCQbTCEZXthwB7/f9+Vlrtlanla9uGEfxZL+S53lZpnq9nI5oclV/ddUnhDFYzZjy9iuJNkY5vrmL+plijm7vTKUZJ93uFbjDGty7KlaaIWb1+ISd4mw78bjS59Uqn9UiKZwRRHwqbO40MSFa0zkCPTc9HLDECNe3zqgIAHaiqlnMzxfkHXAOHwhXftKdPooKDuaB5ToaTcXd/HLT8AAN+8= dpopov@dpopov-test\n"
            },
            "name": "node02",
            "network_acceleration_type": "standard",
            "network_interface": [
              {
                "dns_record": [],
                "index": 0,
                "ip_address": "192.168.101.12",
                "ipv4": true,
                "ipv6": false,
                "ipv6_address": "",
                "ipv6_dns_record": [],
                "mac_address": "d0:0d:11:8f:a6:bc",
                "nat": true,
                "nat_dns_record": [],
                "nat_ip_address": "51.250.77.224",
                "nat_ip_version": "IPV4",
                "security_group_ids": [],
                "subnet_id": "e9b4b3p22e8657gleh1e"
              }
            ],
            "placement_policy": [
              {
                "host_affinity_rules": [],
                "placement_group_id": ""
              }
            ],
            "platform_id": "standard-v1",
            "resources": [
              {
                "core_fraction": 100,
                "cores": 4,
                "gpus": 0,
                "memory": 8
              }
            ],
            "scheduling_policy": [
              {
                "preemptible": false
              }
            ],
            "secondary_disk": [],
            "service_account_id": "",
            "status": "running",
            "timeouts": null,
            "zone": "ru-central1-a"
          },
          "sensitive_attributes": [],
          "private": "eyJlMmJmYjczMC1lY2FhLTExZTYtOGY4OC0zNDM2M2JjN2M0YzAiOnsiY3JlYXRlIjozMDAwMDAwMDAwMDAsImRlbGV0ZSI6MzAwMDAwMDAwMDAwLCJ1cGRhdGUiOjMwMDAwMDAwMDAwMH0sInNjaGVtYV92ZXJzaW9uIjoiMSJ9",
          "dependencies": [
            "yandex_vpc_network.default",
            "yandex_vpc_subnet.default"
          ]
        }
      ]
    },
    {
      "mode": "managed",
      "type": "yandex_compute_instance",
      "name": "node03",
      "provider": "provider[\"registry.terraform.io/yandex-cloud/yandex\"]",
      "instances": [
        {
          "schema_version": 1,
          "attributes": {
            "allow_recreate": null,
            "allow_stopping_for_update": true,
            "boot_disk": [
              {
                "auto_delete": true,
                "device_name": "fhm46c7d7jq6llrughv0",
                "disk_id": "fhm46c7d7jq6llrughv0",
                "initialize_params": [
                  {
                    "block_size": 4096,
                    "description": "",
                    "image_id": "fd8agtaicehihsa9pht3",
                    "name": "root-node03",
                    "size": 10,
                    "snapshot_id": "",
                    "type": "network-ssd"
                  }
                ],
                "mode": "READ_WRITE"
              }
            ],
            "created_at": "2022-05-03T18:42:41Z",
            "description": "",
            "folder_id": "b1gb32s82dickk1qj5v9",
            "fqdn": "node03.netology.yc",
            "hostname": "node03",
            "id": "fhm89eejvvenls50fpop",
            "labels": null,
            "metadata": {
              "ssh-keys": "centos:ssh-rsa AAAAB3NzaC1yc2EAAAADAQABAAABgQC80kTosJ4KiOENc/kJJ2KxYDXFTlotKfKOBL+9sJkF5hwX56WNeGzK7NQYVoEYUsP+rMy3KEI7Qqh4k7c7VnIw+x61ABl9EGINgCK4mWmUBvhpp91Cz5oafxxCPZ1o8jfkTYAW8Sg2TPX3aJXThxROl4vvW3IW7OQUbbvG9URT0GQX4z7dOzyGE5DVxoY/jPgBCrdmU3vemeFeki2nuxkrclVTzyuVmdX0Ng2+S7JLyMHMSSlUx2uMpUiZRv8eklkwk/tuyAklKYRNKkjMicG6xw+p/RUKheiZG7wUVrH6YCQbTCEZXthwB7/f9+Vlrtlanla9uGEfxZL+S53lZpnq9nI5oclV/ddUnhDFYzZjy9iuJNkY5vrmL+plijm7vTKUZJ93uFbjDGty7KlaaIWb1+ISd4mw78bjS59Uqn9UiKZwRRHwqbO40MSFa0zkCPTc9HLDECNe3zqgIAHaiqlnMzxfkHXAOHwhXftKdPooKDuaB5ToaTcXd/HLT8AAN+8= dpopov@dpopov-test\n"
            },
            "name": "node03",
            "network_acceleration_type": "standard",
            "network_interface": [
              {
                "dns_record": [],
                "index": 0,
                "ip_address": "192.168.101.13",
                "ipv4": true,
                "ipv6": false,
                "ipv6_address": "",
                "ipv6_dns_record": [],
                "mac_address": "d0:0d:84:b9:d3:ff",
                "nat": true,
                "nat_dns_record": [],
                "nat_ip_address": "51.250.86.31",
                "nat_ip_version": "IPV4",
                "security_group_ids": [],
                "subnet_id": "e9b4b3p22e8657gleh1e"
              }
            ],
            "placement_policy": [
              {
                "host_affinity_rules": [],
                "placement_group_id": ""
              }
            ],
            "platform_id": "standard-v1",
            "resources": [
              {
                "core_fraction": 100,
                "cores": 4,
                "gpus": 0,
                "memory": 8
              }
            ],
            "scheduling_policy": [
              {
                "preemptible": false
              }
            ],
            "secondary_disk": [],
            "service_account_id": "",
            "status": "running",
            "timeouts": null,
            "zone": "ru-central1-a"
          },
          "sensitive_attributes": [],
          "private": "eyJlMmJmYjczMC1lY2FhLTExZTYtOGY4OC0zNDM2M2JjN2M0YzAiOnsiY3JlYXRlIjozMDAwMDAwMDAwMDAsImRlbGV0ZSI6MzAwMDAwMDAwMDAwLCJ1cGRhdGUiOjMwMDAwMDAwMDAwMH0sInNjaGVtYV92ZXJzaW9uIjoiMSJ9",
          "dependencies": [
            "yandex_vpc_network.default",
            "yandex_vpc_subnet.default"
          ]
        }
      ]
    },
    {
      "mode": "managed",
      "type": "yandex_compute_instance",
      "name": "node04",
      "provider": "provider[\"registry.terraform.io/yandex-cloud/yandex\"]",
      "instances": [
        {
          "schema_version": 1,
          "attributes": {
            "allow_recreate": null,
            "allow_stopping_for_update": true,
            "boot_disk": [
              {
                "auto_delete": true,
                "device_name": "fhmvs702a2asf8g9qq5d",
                "disk_id": "fhmvs702a2asf8g9qq5d",
                "initialize_params": [
                  {
                    "block_size": 4096,
                    "description": "",
                    "image_id": "fd8agtaicehihsa9pht3",
                    "name": "root-node04",
                    "size": 40,
                    "snapshot_id": "",
                    "type": "network-ssd"
                  }
                ],
                "mode": "READ_WRITE"
              }
            ],
            "created_at": "2022-05-03T18:42:41Z",
            "description": "",
            "folder_id": "b1gb32s82dickk1qj5v9",
            "fqdn": "node04.netology.yc",
            "hostname": "node04",
            "id": "fhmtvhuk67aknvaht8q1",
            "labels": null,
            "metadata": {
              "ssh-keys": "centos:ssh-rsa AAAAB3NzaC1yc2EAAAADAQABAAABgQC80kTosJ4KiOENc/kJJ2KxYDXFTlotKfKOBL+9sJkF5hwX56WNeGzK7NQYVoEYUsP+rMy3KEI7Qqh4k7c7VnIw+x61ABl9EGINgCK4mWmUBvhpp91Cz5oafxxCPZ1o8jfkTYAW8Sg2TPX3aJXThxROl4vvW3IW7OQUbbvG9URT0GQX4z7dOzyGE5DVxoY/jPgBCrdmU3vemeFeki2nuxkrclVTzyuVmdX0Ng2+S7JLyMHMSSlUx2uMpUiZRv8eklkwk/tuyAklKYRNKkjMicG6xw+p/RUKheiZG7wUVrH6YCQbTCEZXthwB7/f9+Vlrtlanla9uGEfxZL+S53lZpnq9nI5oclV/ddUnhDFYzZjy9iuJNkY5vrmL+plijm7vTKUZJ93uFbjDGty7KlaaIWb1+ISd4mw78bjS59Uqn9UiKZwRRHwqbO40MSFa0zkCPTc9HLDECNe3zqgIAHaiqlnMzxfkHXAOHwhXftKdPooKDuaB5ToaTcXd/HLT8AAN+8= dpopov@dpopov-test\n"
            },
            "name": "node04",
            "network_acceleration_type": "standard",
            "network_interface": [
              {
                "dns_record": [],
                "index": 0,
                "ip_address": "192.168.101.14",
                "ipv4": true,
                "ipv6": false,
                "ipv6_address": "",
                "ipv6_dns_record": [],
                "mac_address": "d0:0d:1d:fc:7d:43",
                "nat": true,
                "nat_dns_record": [],
                "nat_ip_address": "51.250.86.121",
                "nat_ip_version": "IPV4",
                "security_group_ids": [],
                "subnet_id": "e9b4b3p22e8657gleh1e"
              }
            ],
            "placement_policy": [
              {
                "host_affinity_rules": [],
                "placement_group_id": ""
              }
            ],
            "platform_id": "standard-v1",
            "resources": [
              {
                "core_fraction": 100,
                "cores": 4,
                "gpus": 0,
                "memory": 8
              }
            ],
            "scheduling_policy": [
              {
                "preemptible": false
              }
            ],
            "secondary_disk": [],
            "service_account_id": "",
            "status": "running",
            "timeouts": null,
            "zone": "ru-central1-a"
          },
          "sensitive_attributes": [],
          "private": "eyJlMmJmYjczMC1lY2FhLTExZTYtOGY4OC0zNDM2M2JjN2M0YzAiOnsiY3JlYXRlIjozMDAwMDAwMDAwMDAsImRlbGV0ZSI6MzAwMDAwMDAwMDAwLCJ1cGRhdGUiOjMwMDAwMDAwMDAwMH0sInNjaGVtYV92ZXJzaW9uIjoiMSJ9",
          "dependencies": [
            "yandex_vpc_network.default",
            "yandex_vpc_subnet.default"
          ]
        }
      ]
    },
    {
      "mode": "managed",
      "type": "yandex_compute_instance",
      "name": "node05",
      "provider": "provider[\"registry.terraform.io/yandex-cloud/yandex\"]",
      "instances": [
        {
          "schema_version": 1,
          "attributes": {
            "allow_recreate": null,
            "allow_stopping_for_update": true,
            "boot_disk": [
              {
                "auto_delete": true,
                "device_name": "fhmu7ad0qid77jf4obkc",
                "disk_id": "fhmu7ad0qid77jf4obkc",
                "initialize_params": [
                  {
                    "block_size": 4096,
                    "description": "",
                    "image_id": "fd8agtaicehihsa9pht3",
                    "name": "root-node05",
                    "size": 40,
                    "snapshot_id": "",
                    "type": "network-ssd"
                  }
                ],
                "mode": "READ_WRITE"
              }
            ],
            "created_at": "2022-05-03T18:42:41Z",
            "description": "",
            "folder_id": "b1gb32s82dickk1qj5v9",
            "fqdn": "node05.netology.yc",
            "hostname": "node05",
            "id": "fhmes194gf3mliuka131",
            "labels": null,
            "metadata": {
              "ssh-keys": "centos:ssh-rsa AAAAB3NzaC1yc2EAAAADAQABAAABgQC80kTosJ4KiOENc/kJJ2KxYDXFTlotKfKOBL+9sJkF5hwX56WNeGzK7NQYVoEYUsP+rMy3KEI7Qqh4k7c7VnIw+x61ABl9EGINgCK4mWmUBvhpp91Cz5oafxxCPZ1o8jfkTYAW8Sg2TPX3aJXThxROl4vvW3IW7OQUbbvG9URT0GQX4z7dOzyGE5DVxoY/jPgBCrdmU3vemeFeki2nuxkrclVTzyuVmdX0Ng2+S7JLyMHMSSlUx2uMpUiZRv8eklkwk/tuyAklKYRNKkjMicG6xw+p/RUKheiZG7wUVrH6YCQbTCEZXthwB7/f9+Vlrtlanla9uGEfxZL+S53lZpnq9nI5oclV/ddUnhDFYzZjy9iuJNkY5vrmL+plijm7vTKUZJ93uFbjDGty7KlaaIWb1+ISd4mw78bjS59Uqn9UiKZwRRHwqbO40MSFa0zkCPTc9HLDECNe3zqgIAHaiqlnMzxfkHXAOHwhXftKdPooKDuaB5ToaTcXd/HLT8AAN+8= dpopov@dpopov-test\n"
            },
            "name": "node05",
            "network_acceleration_type": "standard",
            "network_interface": [
              {
                "dns_record": [],
                "index": 0,
                "ip_address": "192.168.101.15",
                "ipv4": true,
                "ipv6": false,
                "ipv6_address": "",
                "ipv6_dns_record": [],
                "mac_address": "d0:0d:ee:05:24:83",
                "nat": true,
                "nat_dns_record": [],
                "nat_ip_address": "51.250.85.102",
                "nat_ip_version": "IPV4",
                "security_group_ids": [],
                "subnet_id": "e9b4b3p22e8657gleh1e"
              }
            ],
            "placement_policy": [
              {
                "host_affinity_rules": [],
                "placement_group_id": ""
              }
            ],
            "platform_id": "standard-v1",
            "resources": [
              {
                "core_fraction": 100,
                "cores": 4,
                "gpus": 0,
                "memory": 8
              }
            ],
            "scheduling_policy": [
              {
                "preemptible": false
              }
            ],
            "secondary_disk": [],
            "service_account_id": "",
            "status": "running",
            "timeouts": null,
            "zone": "ru-central1-a"
          },
          "sensitive_attributes": [],
          "private": "eyJlMmJmYjczMC1lY2FhLTExZTYtOGY4OC0zNDM2M2JjN2M0YzAiOnsiY3JlYXRlIjozMDAwMDAwMDAwMDAsImRlbGV0ZSI6MzAwMDAwMDAwMDAwLCJ1cGRhdGUiOjMwMDAwMDAwMDAwMH0sInNjaGVtYV92ZXJzaW9uIjoiMSJ9",
          "dependencies": [
            "yandex_vpc_network.default",
            "yandex_vpc_subnet.default"
          ]
        }
      ]
    },
    {
      "mode": "managed",
      "type": "yandex_compute_instance",
      "name": "node06",
      "provider": "provider[\"registry.terraform.io/yandex-cloud/yandex\"]",
      "instances": [
        {
          "schema_version": 1,
          "attributes": {
            "allow_recreate": null,
            "allow_stopping_for_update": true,
            "boot_disk": [
              {
                "auto_delete": true,
                "device_name": "fhm6v2nnp3lv2nco5p6n",
                "disk_id": "fhm6v2nnp3lv2nco5p6n",
                "initialize_params": [
                  {
                    "block_size": 4096,
                    "description": "",
                    "image_id": "fd8agtaicehihsa9pht3",
                    "name": "root-node06",
                    "size": 40,
                    "snapshot_id": "",
                    "type": "network-ssd"
                  }
                ],
                "mode": "READ_WRITE"
              }
            ],
            "created_at": "2022-05-03T18:42:41Z",
            "description": "",
            "folder_id": "b1gb32s82dickk1qj5v9",
            "fqdn": "node06.netology.yc",
            "hostname": "node06",
            "id": "fhmpcd7eh9q4pedmtga3",
            "labels": null,
            "metadata": {
              "ssh-keys": "centos:ssh-rsa AAAAB3NzaC1yc2EAAAADAQABAAABgQC80kTosJ4KiOENc/kJJ2KxYDXFTlotKfKOBL+9sJkF5hwX56WNeGzK7NQYVoEYUsP+rMy3KEI7Qqh4k7c7VnIw+x61ABl9EGINgCK4mWmUBvhpp91Cz5oafxxCPZ1o8jfkTYAW8Sg2TPX3aJXThxROl4vvW3IW7OQUbbvG9URT0GQX4z7dOzyGE5DVxoY/jPgBCrdmU3vemeFeki2nuxkrclVTzyuVmdX0Ng2+S7JLyMHMSSlUx2uMpUiZRv8eklkwk/tuyAklKYRNKkjMicG6xw+p/RUKheiZG7wUVrH6YCQbTCEZXthwB7/f9+Vlrtlanla9uGEfxZL+S53lZpnq9nI5oclV/ddUnhDFYzZjy9iuJNkY5vrmL+plijm7vTKUZJ93uFbjDGty7KlaaIWb1+ISd4mw78bjS59Uqn9UiKZwRRHwqbO40MSFa0zkCPTc9HLDECNe3zqgIAHaiqlnMzxfkHXAOHwhXftKdPooKDuaB5ToaTcXd/HLT8AAN+8= dpopov@dpopov-test\n"
            },
            "name": "node06",
            "network_acceleration_type": "standard",
            "network_interface": [
              {
                "dns_record": [],
                "index": 0,
                "ip_address": "192.168.101.16",
                "ipv4": true,
                "ipv6": false,
                "ipv6_address": "",
                "ipv6_dns_record": [],
                "mac_address": "d0:0d:19:63:4e:e8",
                "nat": true,
                "nat_dns_record": [],
                "nat_ip_address": "51.250.67.3",
                "nat_ip_version": "IPV4",
                "security_group_ids": [],
                "subnet_id": "e9b4b3p22e8657gleh1e"
              }
            ],
            "placement_policy": [
              {
                "host_affinity_rules": [],
                "placement_group_id": ""
              }
            ],
            "platform_id": "standard-v1",
            "resources": [
              {
                "core_fraction": 100,
                "cores": 4,
                "gpus": 0,
                "memory": 8
              }
            ],
            "scheduling_policy": [
              {
                "preemptible": false
              }
            ],
            "secondary_disk": [],
            "service_account_id": "",
            "status": "running",
            "timeouts": null,
            "zone": "ru-central1-a"
          },
          "sensitive_attributes": [],
          "private": "eyJlMmJmYjczMC1lY2FhLTExZTYtOGY4OC0zNDM2M2JjN2M0YzAiOnsiY3JlYXRlIjozMDAwMDAwMDAwMDAsImRlbGV0ZSI6MzAwMDAwMDAwMDAwLCJ1cGRhdGUiOjMwMDAwMDAwMDAwMH0sInNjaGVtYV92ZXJzaW9uIjoiMSJ9",
          "dependencies": [
            "yandex_vpc_network.default",
            "yandex_vpc_subnet.default"
          ]
        }
      ]
    },
    {
      "mode": "managed",
      "type": "yandex_vpc_network",
      "name": "default",
      "provider": "provider[\"registry.terraform.io/yandex-cloud/yandex\"]",
      "instances": [
        {
          "schema_version": 0,
          "attributes": {
            "created_at": "2022-05-03T18:42:39Z",
            "default_security_group_id": "",
            "description": "",
            "folder_id": "b1gb32s82dickk1qj5v9",
            "id": "enpk19lla06mn97vb7vl",
            "labels": {},
            "name": "net",
            "subnet_ids": [],
            "timeouts": null
          },
          "sensitive_attributes": [],
          "private": "eyJlMmJmYjczMC1lY2FhLTExZTYtOGY4OC0zNDM2M2JjN2M0YzAiOnsiY3JlYXRlIjo2MDAwMDAwMDAwMCwiZGVsZXRlIjo2MDAwMDAwMDAwMCwidXBkYXRlIjo2MDAwMDAwMDAwMH19"
        }
      ]
    },
    {
      "mode": "managed",
      "type": "yandex_vpc_subnet",
      "name": "default",
      "provider": "provider[\"registry.terraform.io/yandex-cloud/yandex\"]",
      "instances": [
        {
          "schema_version": 0,
          "attributes": {
            "created_at": "2022-05-03T18:42:40Z",
            "description": "",
            "dhcp_options": [],
            "folder_id": "b1gb32s82dickk1qj5v9",
            "id": "e9b4b3p22e8657gleh1e",
            "labels": {},
            "name": "subnet",
            "network_id": "enpk19lla06mn97vb7vl",
            "route_table_id": "",
            "timeouts": null,
            "v4_cidr_blocks": [
              "192.168.101.0/24"
            ],
            "v6_cidr_blocks": [],
            "zone": "ru-central1-a"
          },
          "sensitive_attributes": [],
          "private": "eyJlMmJmYjczMC1lY2FhLTExZTYtOGY4OC0zNDM2M2JjN2M0YzAiOnsiY3JlYXRlIjoxODAwMDAwMDAwMDAsImRlbGV0ZSI6MTgwMDAwMDAwMDAwLCJ1cGRhdGUiOjE4MDAwMDAwMDAwMH19",
          "dependencies": [
            "yandex_vpc_network.default"
          ]
        }
      ]
    }
  ]
}
