{
  "version": 4,
  "terraform_version": "1.2.8",
  "serial": 267,
  "lineage": "f990294b-0c7e-523c-a888-295ee4d0650e",
  "outputs": {},
  "resources": [
    {
      "mode": "managed",
      "type": "yandex_compute_image",
      "name": "my_image",
      "provider": "provider[\"registry.terraform.io/yandex-cloud/yandex\"]",
      "instances": [
        {
          "schema_version": 0,
          "attributes": {
            "created_at": "2022-11-07T15:39:54Z",
            "description": "Test image",
            "family": "",
            "folder_id": "b1gb32s82dickk1qj5v9",
            "id": "fd8k8eqoh8v6o89m39es",
            "labels": null,
            "min_disk_size": 10,
            "name": "",
            "os_type": "linux",
            "pooled": false,
            "product_ids": [
              "f2er5d1rpg1psq16o2gc"
            ],
            "size": 4,
            "source_disk": null,
            "source_family": "ubuntu-2004-lts",
            "source_image": null,
            "source_snapshot": null,
            "source_url": null,
            "status": "ready",
            "timeouts": null
          },
          "sensitive_attributes": [],
          "private": "eyJlMmJmYjczMC1lY2FhLTExZTYtOGY4OC0zNDM2M2JjN2M0YzAiOnsiY3JlYXRlIjozMDAwMDAwMDAwMDAsImRlbGV0ZSI6MzAwMDAwMDAwMDAwLCJ1cGRhdGUiOjMwMDAwMDAwMDAwMH19"
        }
      ]
    },
    {
      "mode": "managed",
      "type": "yandex_compute_instance",
      "name": "virt_machine",
      "provider": "provider[\"registry.terraform.io/yandex-cloud/yandex\"]",
      "instances": [
        {
          "schema_version": 1,
          "attributes": {
            "allow_recreate": null,
            "allow_stopping_for_update": null,
            "boot_disk": [
              {
                "auto_delete": true,
                "device_name": "fhmp9fe94cfadqel4t1q",
                "disk_id": "fhmp9fe94cfadqel4t1q",
                "initialize_params": [
                  {
                    "block_size": 4096,
                    "description": "",
                    "image_id": "fd89jk9j9vifp28uprop",
                    "name": "",
                    "size": 50,
                    "snapshot_id": "",
                    "type": "network-hdd"
                  }
                ],
                "mode": "READ_WRITE"
              }
            ],
            "created_at": "2022-11-07T15:39:57Z",
            "description": "",
            "folder_id": "b1gb32s82dickk1qj5v9",
            "fqdn": "fhmsjitp5v64op8r1hv0.auto.internal",
            "hostname": "fhmsjitp5v64op8r1hv0",
            "id": "fhmsjitp5v64op8r1hv0",
            "labels": null,
            "metadata": {
              "ssh-keys": "ubuntu:ssh-rsa AAAAB3NzaC1yc2EAAAADAQABAAABgQC80kTosJ4KiOENc/kJJ2KxYDXFTlotKfKOBL+9sJkF5hwX56WNeGzK7NQYVoEYUsP+rMy3KEI7Qqh4k7c7VnIw+x61ABl9EGINgCK4mWmUBvhpp91Cz5oafxxCPZ1o8jfkTYAW8Sg2TPX3aJXThxROl4vvW3IW7OQUbbvG9URT0GQX4z7dOzyGE5DVxoY/jPgBCrdmU3vemeFeki2nuxkrclVTzyuVmdX0Ng2+S7JLyMHMSSlUx2uMpUiZRv8eklkwk/tuyAklKYRNKkjMicG6xw+p/RUKheiZG7wUVrH6YCQbTCEZXthwB7/f9+Vlrtlanla9uGEfxZL+S53lZpnq9nI5oclV/ddUnhDFYzZjy9iuJNkY5vrmL+plijm7vTKUZJ93uFbjDGty7KlaaIWb1+ISd4mw78bjS59Uqn9UiKZwRRHwqbO40MSFa0zkCPTc9HLDECNe3zqgIAHaiqlnMzxfkHXAOHwhXftKdPooKDuaB5ToaTcXd/HLT8AAN+8= dpopov@dpopov-test\n"
            },
            "name": "banzai-vm",
            "network_acceleration_type": "standard",
            "network_interface": [
              {
                "dns_record": [],
                "index": 0,
                "ip_address": "10.0.0.24",
                "ipv4": true,
                "ipv6": false,
                "ipv6_address": "",
                "ipv6_dns_record": [],
                "mac_address": "d0:0d:1c:9c:bb:92",
                "nat": true,
                "nat_dns_record": [],
                "nat_ip_address": "51.250.78.82",
                "nat_ip_version": "IPV4",
                "security_group_ids": [],
                "subnet_id": "e9bhcj86j3scapcscjjb"
              }
            ],
            "placement_policy": [
              {
                "host_affinity_rules": [],
                "placement_group_id": ""
              }
            ],
            "platform_id": "standard-v1",
            "resources": [
              {
                "core_fraction": 100,
                "cores": 4,
                "gpus": 0,
                "memory": 8
              }
            ],
            "scheduling_policy": [
              {
                "preemptible": false
              }
            ],
            "secondary_disk": [],
            "service_account_id": "",
            "status": "running",
            "timeouts": null,
            "zone": "ru-central1-a"
          },
          "sensitive_attributes": [],
          "private": "eyJlMmJmYjczMC1lY2FhLTExZTYtOGY4OC0zNDM2M2JjN2M0YzAiOnsiY3JlYXRlIjozMDAwMDAwMDAwMDAsImRlbGV0ZSI6MzAwMDAwMDAwMDAwLCJ1cGRhdGUiOjMwMDAwMDAwMDAwMH0sInNjaGVtYV92ZXJzaW9uIjoiMSJ9",
          "dependencies": [
            "yandex_vpc_network.test_network",
            "yandex_vpc_subnet.subnet192"
          ]
        }
      ]
    },
    {
      "mode": "managed",
      "type": "yandex_vpc_network",
      "name": "test_network",
      "provider": "provider[\"registry.terraform.io/yandex-cloud/yandex\"]",
      "instances": [
        {
          "schema_version": 0,
          "attributes": {
            "created_at": "2022-11-07T15:39:54Z",
            "default_security_group_id": "",
            "description": "",
            "folder_id": "b1gb32s82dickk1qj5v9",
            "id": "enpdfn7kh8saajo4h8e8",
            "labels": {},
            "name": "test-net",
            "subnet_ids": [],
            "timeouts": null
          },
          "sensitive_attributes": [],
          "private": "eyJlMmJmYjczMC1lY2FhLTExZTYtOGY4OC0zNDM2M2JjN2M0YzAiOnsiY3JlYXRlIjo2MDAwMDAwMDAwMCwiZGVsZXRlIjo2MDAwMDAwMDAwMCwidXBkYXRlIjo2MDAwMDAwMDAwMH19"
        }
      ]
    },
    {
      "mode": "managed",
      "type": "yandex_vpc_subnet",
      "name": "subnet192",
      "provider": "provider[\"registry.terraform.io/yandex-cloud/yandex\"]",
      "instances": [
        {
          "schema_version": 0,
          "attributes": {
            "created_at": "2022-11-07T15:39:55Z",
            "description": "",
            "dhcp_options": [],
            "folder_id": "b1gb32s82dickk1qj5v9",
            "id": "e9bhcj86j3scapcscjjb",
            "labels": {},
            "name": "",
            "network_id": "enpdfn7kh8saajo4h8e8",
            "route_table_id": "",
            "timeouts": null,
            "v4_cidr_blocks": [
              "10.0.0.0/16"
            ],
            "v6_cidr_blocks": [],
            "zone": "ru-central1-a"
          },
          "sensitive_attributes": [],
          "private": "eyJlMmJmYjczMC1lY2FhLTExZTYtOGY4OC0zNDM2M2JjN2M0YzAiOnsiY3JlYXRlIjoxODAwMDAwMDAwMDAsImRlbGV0ZSI6MTgwMDAwMDAwMDAwLCJ1cGRhdGUiOjE4MDAwMDAwMDAwMH19",
          "dependencies": [
            "yandex_vpc_network.test_network"
          ]
        }
      ]
    }
  ]
}
