{
  "version": 4,
  "terraform_version": "1.2.2",
  "serial": 27,
  "lineage": "f990294b-0c7e-523c-a888-295ee4d0650e",
  "outputs": {},
  "resources": [
    {
      "mode": "managed",
      "type": "yandex_compute_image",
      "name": "my_image",
      "provider": "provider[\"registry.terraform.io/yandex-cloud/yandex\"]",
      "instances": [
        {
          "schema_version": 0,
          "attributes": {
            "created_at": "2022-06-12T16:28:25Z",
            "description": "Test image",
            "family": "",
            "folder_id": "b1gb32s82dickk1qj5v9",
            "id": "fd8ltlsbsbfiundd182u",
            "labels": null,
            "min_disk_size": 10,
            "name": "",
            "os_type": "linux",
            "pooled": false,
            "product_ids": [
              "f2e8tnsqjeor74blquqc"
            ],
            "size": 4,
            "source_disk": null,
            "source_family": "ubuntu-2004-lts",
            "source_image": null,
            "source_snapshot": null,
            "source_url": null,
            "status": "ready",
            "timeouts": null
          },
          "sensitive_attributes": [],
          "private": "eyJlMmJmYjczMC1lY2FhLTExZTYtOGY4OC0zNDM2M2JjN2M0YzAiOnsiY3JlYXRlIjozMDAwMDAwMDAwMDAsImRlbGV0ZSI6MzAwMDAwMDAwMDAwLCJ1cGRhdGUiOjMwMDAwMDAwMDAwMH19"
        }
      ]
    }
  ]
}
